// !$*UTF8*$!
{
	archiveVersion = 1;
	classes = {
	};
	objectVersion = 50;
	objects = {

/* Begin PBXBuildFile section */
		F6F4DCD92085B3340050E3EC /* AppDelegate.swift in Sources */ = {isa = PBXBuildFile; fileRef = F6F4DCD82085B3340050E3EC /* AppDelegate.swift */; };
		F6F4DCDB2085B3340050E3EC /* ViewController.swift in Sources */ = {isa = PBXBuildFile; fileRef = F6F4DCDA2085B3340050E3EC /* ViewController.swift */; };
		F6F4DCDE2085B3340050E3EC /* Main.storyboard in Resources */ = {isa = PBXBuildFile; fileRef = F6F4DCDC2085B3340050E3EC /* Main.storyboard */; };
		F6F4DCE12085B3340050E3EC /* touchIDTutorial.xcdatamodeld in Sources */ = {isa = PBXBuildFile; fileRef = F6F4DCDF2085B3340050E3EC /* touchIDTutorial.xcdatamodeld */; };
		F6F4DCE32085B3360050E3EC /* Assets.xcassets in Resources */ = {isa = PBXBuildFile; fileRef = F6F4DCE22085B3360050E3EC /* Assets.xcassets */; };
		F6F4DCE62085B3360050E3EC /* LaunchScreen.storyboard in Resources */ = {isa = PBXBuildFile; fileRef = F6F4DCE42085B3360050E3EC /* LaunchScreen.storyboard */; };
/* End PBXBuildFile section */

/* Begin PBXFileReference section */
		F6F4DCD52085B3340050E3EC /* touchIDTutorial.app */ = {isa = PBXFileReference; explicitFileType = wrapper.application; includeInIndex = 0; path = touchIDTutorial.app; sourceTree = BUILT_PRODUCTS_DIR; };
		F6F4DCD82085B3340050E3EC /* AppDelegate.swift */ = {isa = PBXFileReference; lastKnownFileType = sourcecode.swift; path = AppDelegate.swift; sourceTree = "<group>"; };
		F6F4DCDA2085B3340050E3EC /* ViewController.swift */ = {isa = PBXFileReference; lastKnownFileType = sourcecode.swift; path = ViewController.swift; sourceTree = "<group>"; };
		F6F4DCDD2085B3340050E3EC /* Base */ = {isa = PBXFileReference; lastKnownFileType = file.storyboard; name = Base; path = Base.lproj/Main.storyboard; sourceTree = "<group>"; };
		F6F4DCE02085B3340050E3EC /* touchIDTutorial.xcdatamodel */ = {isa = PBXFileReference; lastKnownFileType = wrapper.xcdatamodel; path = touchIDTutorial.xcdatamodel; sourceTree = "<group>"; };
		F6F4DCE22085B3360050E3EC /* Assets.xcassets */ = {isa = PBXFileReference; lastKnownFileType = folder.assetcatalog; path = Assets.xcassets; sourceTree = "<group>"; };
		F6F4DCE52085B3360050E3EC /* Base */ = {isa = PBXFileReference; lastKnownFileType = file.storyboard; name = Base; path = Base.lproj/LaunchScreen.storyboard; sourceTree = "<group>"; };
		F6F4DCE72085B3360050E3EC /* Info.plist */ = {isa = PBXFileReference; lastKnownFileType = text.plist.xml; path = Info.plist; sourceTree = "<group>"; };
/* End PBXFileReference section */

/* Begin PBXFrameworksBuildPhase section */
		F6F4DCD22085B3340050E3EC /* Frameworks */ = {
			isa = PBXFrameworksBuildPhase;
			buildActionMask = 2147483647;
			files = (
			);
			runOnlyForDeploymentPostprocessing = 0;
		};
/* End PBXFrameworksBuildPhase section */

/* Begin PBXGroup section */
		F6F4DCCC2085B3340050E3EC = {
			isa = PBXGroup;
			children = (
				F6F4DCD72085B3340050E3EC /* touchIDTutorial */,
				F6F4DCD62085B3340050E3EC /* Products */,
			);
			sourceTree = "<group>";
		};
		F6F4DCD62085B3340050E3EC /* Products */ = {
			isa = PBXGroup;
			children = (
				F6F4DCD52085B3340050E3EC /* touchIDTutorial.app */,
			);
			name = Products;
			sourceTree = "<group>";
		};
		F6F4DCD72085B3340050E3EC /* touchIDTutorial */ = {
			isa = PBXGroup;
			children = (
				F6F4DCD82085B3340050E3EC /* AppDelegate.swift */,
				F6F4DCDA2085B3340050E3EC /* ViewController.swift */,
				F6F4DCDC2085B3340050E3EC /* Main.storyboard */,
				F6F4DCE22085B3360050E3EC /* Assets.xcassets */,
				F6F4DCE42085B3360050E3EC /* LaunchScreen.storyboard */,
				F6F4DCE72085B3360050E3EC /* Info.plist */,
				F6F4DCDF2085B3340050E3EC /* touchIDTutorial.xcdatamodeld */,
			);
			path = touchIDTutorial;
			sourceTree = "<group>";
		};
/* End PBXGroup section */

/* Begin PBXNativeTarget section */
		F6F4DCD42085B3340050E3EC /* touchIDTutorial */ = {
			isa = PBXNativeTarget;
			buildConfigurationList = F6F4DCEA2085B3360050E3EC /* Build configuration list for PBXNativeTarget "touchIDTutorial" */;
			buildPhases = (
				F6F4DCD12085B3340050E3EC /* Sources */,
				F6F4DCD22085B3340050E3EC /* Frameworks */,
				F6F4DCD32085B3340050E3EC /* Resources */,
			);
			buildRules = (
			);
			dependencies = (
			);
			name = touchIDTutorial;
			productName = touchIDTutorial;
			productReference = F6F4DCD52085B3340050E3EC /* touchIDTutorial.app */;
			productType = "com.apple.product-type.application";
		};
/* End PBXNativeTarget section */

/* Begin PBXProject section */
		F6F4DCCD2085B3340050E3EC /* Project object */ = {
			isa = PBXProject;
			attributes = {
				LastSwiftUpdateCheck = 0930;
				LastUpgradeCheck = 0930;
				ORGANIZATIONNAME = "Justin Lazarski";
				TargetAttributes = {
					F6F4DCD42085B3340050E3EC = {
						CreatedOnToolsVersion = 9.3;
					};
				};
			};
			buildConfigurationList = F6F4DCD02085B3340050E3EC /* Build configuration list for PBXProject "touchIDTutorial" */;
			compatibilityVersion = "Xcode 9.3";
			developmentRegion = en;
			hasScannedForEncodings = 0;
			knownRegions = (
				en,
				Base,
			);
			mainGroup = F6F4DCCC2085B3340050E3EC;
			productRefGroup = F6F4DCD62085B3340050E3EC /* Products */;
			projectDirPath = "";
			projectRoot = "";
			targets = (
				F6F4DCD42085B3340050E3EC /* touchIDTutorial */,
			);
		};
/* End PBXProject section */

/* Begin PBXResourcesBuildPhase section */
		F6F4DCD32085B3340050E3EC /* Resources */ = {
			isa = PBXResourcesBuildPhase;
			buildActionMask = 2147483647;
			files = (
				F6F4DCE62085B3360050E3EC /* LaunchScreen.storyboard in Resources */,
				F6F4DCE32085B3360050E3EC /* Assets.xcassets in Resources */,
				F6F4DCDE2085B3340050E3EC /* Main.storyboard in Resources */,
			);
			runOnlyForDeploymentPostprocessing = 0;
		};
/* End PBXResourcesBuildPhase section */

/* Begin PBXSourcesBuildPhase section */
		F6F4DCD12085B3340050E3EC /* Sources */ = {
			isa = PBXSourcesBuildPhase;
			buildActionMask = 2147483647;
			files = (
				F6F4DCDB2085B3340050E3EC /* ViewController.swift in Sources */,
				F6F4DCE12085B3340050E3EC /* touchIDTutorial.xcdatamodeld in Sources */,
				F6F4DCD92085B3340050E3EC /* AppDelegate.swift in Sources */,
			);
			runOnlyForDeploymentPostprocessing = 0;
		};
/* End PBXSourcesBuildPhase section */

/* Begin PBXVariantGroup section */
		F6F4DCDC2085B3340050E3EC /* Main.storyboard */ = {
			isa = PBXVariantGroup;
			children = (
				F6F4DCDD2085B3340050E3EC /* Base */,
			);
			name = Main.storyboard;
			sourceTree = "<group>";
		};
		F6F4DCE42085B3360050E3EC /* LaunchScreen.storyboard */ = {
			isa = PBXVariantGroup;
			children = (
				F6F4DCE52085B3360050E3EC /* Base */,
			);
			name = LaunchScreen.storyboard;
			sourceTree = "<group>";
		};
/* End PBXVariantGroup section */

/* Begin XCBuildConfiguration section */
		F6F4DCE82085B3360050E3EC /* Debug */ = {
			isa = XCBuildConfiguration;
			buildSettings = {
				ALWAYS_SEARCH_USER_PATHS = NO;
				CLANG_ANALYZER_NONNULL = YES;
				CLANG_ANALYZER_NUMBER_OBJECT_CONVERSION = YES_AGGRESSIVE;
				CLANG_CXX_LANGUAGE_STANDARD = "gnu++14";
				CLANG_CXX_LIBRARY = "libc++";
				CLANG_ENABLE_MODULES = YES;
				CLANG_ENABLE_OBJC_ARC = YES;
				CLANG_ENABLE_OBJC_WEAK = YES;
				CLANG_WARN_BLOCK_CAPTURE_AUTORELEASING = YES;
				CLANG_WARN_BOOL_CONVERSION = YES;
				CLANG_WARN_COMMA = YES;
				CLANG_WARN_CONSTANT_CONVERSION = YES;
				CLANG_WARN_DEPRECATED_OBJC_IMPLEMENTATIONS = YES;
				CLANG_WARN_DIRECT_OBJC_ISA_USAGE = YES_ERROR;
				CLANG_WARN_DOCUMENTATION_COMMENTS = YES;
				CLANG_WARN_EMPTY_BODY = YES;
				CLANG_WARN_ENUM_CONVERSION = YES;
				CLANG_WARN_INFINITE_RECURSION = YES;
				CLANG_WARN_INT_CONVERSION = YES;
				CLANG_WARN_NON_LITERAL_NULL_CONVERSION = YES;
				CLANG_WARN_OBJC_IMPLICIT_RETAIN_SELF = YES;
				CLANG_WARN_OBJC_LITERAL_CONVERSION = YES;
				CLANG_WARN_OBJC_ROOT_CLASS = YES_ERROR;
				CLANG_WARN_RANGE_LOOP_ANALYSIS = YES;
				CLANG_WARN_STRICT_PROTOTYPES = YES;
				CLANG_WARN_SUSPICIOUS_MOVE = YES;
				CLANG_WARN_UNGUARDED_AVAILABILITY = YES_AGGRESSIVE;
				CLANG_WARN_UNREACHABLE_CODE = YES;
				CLANG_WARN__DUPLICATE_METHOD_MATCH = YES;
				CODE_SIGN_IDENTITY = "iPhone Developer";
				COPY_PHASE_STRIP = NO;
				DEBUG_INFORMATION_FORMAT = dwarf;
				ENABLE_STRICT_OBJC_MSGSEND = YES;
				ENABLE_TESTABILITY = YES;
				GCC_C_LANGUAGE_STANDARD = gnu11;
				GCC_DYNAMIC_NO_PIC = NO;
				GCC_NO_COMMON_BLOCKS = YES;
				GCC_OPTIMIZATION_LEVEL = 0;
				GCC_PREPROCESSOR_DEFINITIONS = (
					"DEBUG=1",
					"$(inherited)",
				);
				GCC_WARN_64_TO_32_BIT_CONVERSION = YES;
				GCC_WARN_ABOUT_RETURN_TYPE = YES_ERROR;
				GCC_WARN_UNDECLARED_SELECTOR = YES;
				GCC_WARN_UNINITIALIZED_AUTOS = YES_AGGRESSIVE;
				GCC_WARN_UNUSED_FUNCTION = YES;
				GCC_WARN_UNUSED_VARIABLE = YES;
				IPHONEOS_DEPLOYMENT_TARGET = 11.3;
				MTL_ENABLE_DEBUG_INFO = YES;
				ONLY_ACTIVE_ARCH = YES;
				SDKROOT = iphoneos;
				SWIFT_ACTIVE_COMPILATION_CONDITIONS = DEBUG;
				SWIFT_OPTIMIZATION_LEVEL = "-Onone";
			};
			name = Debug;
		};
		F6F4DCE92085B3360050E3EC /* Release */ = {
			isa = XCBuildConfiguration;
			buildSettings = {
				ALWAYS_SEARCH_USER_PATHS = NO;
				CLANG_ANALYZER_NONNULL = YES;
				CLANG_ANALYZER_NUMBER_OBJECT_CONVERSION = YES_AGGRESSIVE;
				CLANG_CXX_LANGUAGE_STANDARD = "gnu++14";
				CLANG_CXX_LIBRARY = "libc++";
				CLANG_ENABLE_MODULES = YES;
				CLANG_ENABLE_OBJC_ARC = YES;
				CLANG_ENABLE_OBJC_WEAK = YES;
				CLANG_WARN_BLOCK_CAPTURE_AUTORELEASING = YES;
				CLANG_WARN_BOOL_CONVERSION = YES;
				CLANG_WARN_COMMA = YES;
				CLANG_WARN_CONSTANT_CONVERSION = YES;
				CLANG_WARN_DEPRECATED_OBJC_IMPLEMENTATIONS = YES;
				CLANG_WARN_DIRECT_OBJC_ISA_USAGE = YES_ERROR;
				CLANG_WARN_DOCUMENTATION_COMMENTS = YES;
				CLANG_WARN_EMPTY_BODY = YES;
				CLANG_WARN_ENUM_CONVERSION = YES;
				CLANG_WARN_INFINITE_RECURSION = YES;
				CLANG_WARN_INT_CONVERSION = YES;
				CLANG_WARN_NON_LITERAL_NULL_CONVERSION = YES;
				CLANG_WARN_OBJC_IMPLICIT_RETAIN_SELF = YES;
				CLANG_WARN_OBJC_LITERAL_CONVERSION = YES;
				CLANG_WARN_OBJC_ROOT_CLASS = YES_ERROR;
				CLANG_WARN_RANGE_LOOP_ANALYSIS = YES;
				CLANG_WARN_STRICT_PROTOTYPES = YES;
				CLANG_WARN_SUSPICIOUS_MOVE = YES;
				CLANG_WARN_UNGUARDED_AVAILABILITY = YES_AGGRESSIVE;
				CLANG_WARN_UNREACHABLE_CODE = YES;
				CLANG_WARN__DUPLICATE_METHOD_MATCH = YES;
				CODE_SIGN_IDENTITY = "iPhone Developer";
				COPY_PHASE_STRIP = NO;
				DEBUG_INFORMATION_FORMAT = "dwarf-with-dsym";
				ENABLE_NS_ASSERTIONS = NO;
				ENABLE_STRICT_OBJC_MSGSEND = YES;
				GCC_C_LANGUAGE_STANDARD = gnu11;
				GCC_NO_COMMON_BLOCKS = YES;
				GCC_WARN_64_TO_32_BIT_CONVERSION = YES;
				GCC_WARN_ABOUT_RETURN_TYPE = YES_ERROR;
				GCC_WARN_UNDECLARED_SELECTOR = YES;
				GCC_WARN_UNINITIALIZED_AUTOS = YES_AGGRESSIVE;
				GCC_WARN_UNUSED_FUNCTION = YES;
				GCC_WARN_UNUSED_VARIABLE = YES;
				IPHONEOS_DEPLOYMENT_TARGET = 11.3;
				MTL_ENABLE_DEBUG_INFO = NO;
				SDKROOT = iphoneos;
				SWIFT_COMPILATION_MODE = wholemodule;
				SWIFT_OPTIMIZATION_LEVEL = "-O";
				VALIDATE_PRODUCT = YES;
			};
			name = Release;
		};
		F6F4DCEB2085B3360050E3EC /* Debug */ = {
			isa = XCBuildConfiguration;
			buildSettings = {
				ASSETCATALOG_COMPILER_APPICON_NAME = AppIcon;
				CODE_SIGN_STYLE = Automatic;
				DEVELOPMENT_TEAM = WU7FV2JWFU;
				INFOPLIST_FILE = touchIDTutorial/Info.plist;
				LD_RUNPATH_SEARCH_PATHS = (
					"$(inherited)",
					"@executable_path/Frameworks",
				);
				PRODUCT_BUNDLE_IDENTIFIER = com.JL.touchIDTutorial;
				PRODUCT_NAME = "$(TARGET_NAME)";
				SWIFT_VERSION = 4.0;
				TARGETED_DEVICE_FAMILY = "1,2";
			};
			name = Debug;
		};
		F6F4DCEC2085B3360050E3EC /* Release */ = {
			isa = XCBuildConfiguration;
			buildSettings = {
				ASSETCATALOG_COMPILER_APPICON_NAME = AppIcon;
				CODE_SIGN_STYLE = Automatic;
				DEVELOPMENT_TEAM = WU7FV2JWFU;
				INFOPLIST_FILE = touchIDTutorial/Info.plist;
				LD_RUNPATH_SEARCH_PATHS = (
					"$(inherited)",
					"@executable_path/Frameworks",
				);
				PRODUCT_BUNDLE_IDENTIFIER = com.JL.touchIDTutorial;
				PRODUCT_NAME = "$(TARGET_NAME)";
				SWIFT_VERSION = 4.0;
				TARGETED_DEVICE_FAMILY = "1,2";
			};
			name = Release;
		};
/* End XCBuildConfiguration section */

/* Begin XCConfigurationList section */
		F6F4DCD02085B3340050E3EC /* Build configuration list for PBXProject "touchIDTutorial" */ = {
			isa = XCConfigurationList;
			buildConfigurations = (
				F6F4DCE82085B3360050E3EC /* Debug */,
				F6F4DCE92085B3360050E3EC /* Release */,
			);
			defaultConfigurationIsVisible = 0;
			defaultConfigurationName = Release;
		};
		F6F4DCEA2085B3360050E3EC /* Build configuration list for PBXNativeTarget "touchIDTutorial" */ = {
			isa = XCConfigurationList;
			buildConfigurations = (
				F6F4DCEB2085B3360050E3EC /* Debug */,
				F6F4DCEC2085B3360050E3EC /* Release */,
			);
			defaultConfigurationIsVisible = 0;
			defaultConfigurationName = Release;
		};
/* End XCConfigurationList section */

/* Begin XCVersionGroup section */
		F6F4DCDF2085B3340050E3EC /* touchIDTutorial.xcdatamodeld */ = {
			isa = XCVersionGroup;
			children = (
				F6F4DCE02085B3340050E3EC /* touchIDTutorial.xcdatamodel */,
			);
			currentVersion = F6F4DCE02085B3340050E3EC /* touchIDTutorial.xcdatamodel */;
			path = touchIDTutorial.xcdatamodeld;
			sourceTree = "<group>";
			versionGroupType = wrapper.xcdatamodel;
		};
/* End XCVersionGroup section */
	};
	rootObject = F6F4DCCD2085B3340050E3EC /* Project object */;
}
